
Microsoft Visual Studio Solution File, Format Version 12.00
# Visual Studio 15
VisualStudioVersion = 15.0.28307.168
MinimumVisualStudioVersion = 10.0.40219.1
Project("{FAE04EC0-301F-11D3-BF4B-00C04F79EFBC}") = "Stock", "Stock\Stock.csproj", "{050636C6-8577-4B2E-BA0C-A6B4996E6726}"
EndProject
Global
	GlobalSection(SolutionConfigurationPlatforms) = preSolution
		Debug|Any CPU = Debug|Any CPU
		Release|Any CPU = Release|Any CPU
	EndGlobalSection
	GlobalSection(ProjectConfigurationPlatforms) = postSolution
		{050636C6-8577-4B2E-BA0C-A6B4996E6726}.Debug|Any CPU.ActiveCfg = Debug|Any CPU
		{050636C6-8577-4B2E-BA0C-A6B4996E6726}.Debug|Any CPU.Build.0 = Debug|Any CPU
		{050636C6-8577-4B2E-BA0C-A6B4996E6726}.Release|Any CPU.ActiveCfg = Release|Any CPU
		{050636C6-8577-4B2E-BA0C-A6B4996E6726}.Release|Any CPU.Build.0 = Release|Any CPU
	EndGlobalSection
	GlobalSection(SolutionProperties) = preSolution
		HideSolutionNode = FALSE
	EndGlobalSection
	GlobalSection(ExtensibilityGlobals) = postSolution
		SolutionGuid = {201CC373-9CB0-4132-B382-14417D203E9F}
	EndGlobalSection
EndGlobal
